
Microsoft Visual Studio Solution File, Format Version 12.00
# Visual Studio Version 17
VisualStudioVersion = 17.2.32519.379
MinimumVisualStudioVersion = 10.0.40219.1
Project("{9A19103F-16F7-4668-BE54-9A1E7A4F7556}") = "ASPDotNetCoreWebAPI", "ASPDotNetCoreWebAPI.csproj", "{78689D54-1501-4983-9E78-E24BBDEA2102}"
EndProject
Project("{9A19103F-16F7-4668-BE54-9A1E7A4F7556}") = "NUnitTestProjectASPDotNetCoreWebAPI", "..\NUnitTestProjectASPDotNetCoreWebAPI\NUnitTestProjectASPDotNetCoreWebAPI.csproj", "{D880AF47-AAE0-44FC-9CA8-741D5157B74D}"
EndProject
Global
	GlobalSection(SolutionConfigurationPlatforms) = preSolution
		Debug|Any CPU = Debug|Any CPU
		Release|Any CPU = Release|Any CPU
	EndGlobalSection
	GlobalSection(ProjectConfigurationPlatforms) = postSolution
		{78689D54-1501-4983-9E78-E24BBDEA2102}.Debug|Any CPU.ActiveCfg = Debug|Any CPU
		{78689D54-1501-4983-9E78-E24BBDEA2102}.Debug|Any CPU.Build.0 = Debug|Any CPU
		{78689D54-1501-4983-9E78-E24BBDEA2102}.Release|Any CPU.ActiveCfg = Release|Any CPU
		{78689D54-1501-4983-9E78-E24BBDEA2102}.Release|Any CPU.Build.0 = Release|Any CPU
		{D880AF47-AAE0-44FC-9CA8-741D5157B74D}.Debug|Any CPU.ActiveCfg = Debug|Any CPU
		{D880AF47-AAE0-44FC-9CA8-741D5157B74D}.Debug|Any CPU.Build.0 = Debug|Any CPU
		{D880AF47-AAE0-44FC-9CA8-741D5157B74D}.Release|Any CPU.ActiveCfg = Release|Any CPU
		{D880AF47-AAE0-44FC-9CA8-741D5157B74D}.Release|Any CPU.Build.0 = Release|Any CPU
	EndGlobalSection
	GlobalSection(SolutionProperties) = preSolution
		HideSolutionNode = FALSE
	EndGlobalSection
	GlobalSection(ExtensibilityGlobals) = postSolution
		SolutionGuid = {E980E51C-427B-4ABB-9599-A705E612ABD6}
	EndGlobalSection
EndGlobal
